
Microsoft Visual Studio Solution File, Format Version 12.00
# Visual Studio Version 17
VisualStudioVersion = 17.12.35514.174 d17.12
MinimumVisualStudioVersion = 10.0.40219.1
Project("{FAE04EC0-301F-11D3-BF4B-00C04F79EFBC}") = "Meme.Hub.Site.Api", "Meme.Hub.Site.Api\Meme.Hub.Site.Api.csproj", "{18F42655-0306-40EB-9CDC-D2C242577997}"
EndProject
Project("{FAE04EC0-301F-11D3-BF4B-00C04F79EFBC}") = "Meme.Hub.Site.Services", "Meme.Hub.Site.Services\Meme.Hub.Site.Services.csproj", "{FC8D0310-4C8F-4667-A90B-2A54F2BDDBDE}"
EndProject
Global
	GlobalSection(SolutionConfigurationPlatforms) = preSolution
		Debug|Any CPU = Debug|Any CPU
		Release|Any CPU = Release|Any CPU
	EndGlobalSection
	GlobalSection(ProjectConfigurationPlatforms) = postSolution
		{18F42655-0306-40EB-9CDC-D2C242577997}.Debug|Any CPU.ActiveCfg = Debug|Any CPU
		{18F42655-0306-40EB-9CDC-D2C242577997}.Debug|Any CPU.Build.0 = Debug|Any CPU
		{18F42655-0306-40EB-9CDC-D2C242577997}.Release|Any CPU.ActiveCfg = Release|Any CPU
		{18F42655-0306-40EB-9CDC-D2C242577997}.Release|Any CPU.Build.0 = Release|Any CPU
		{FC8D0310-4C8F-4667-A90B-2A54F2BDDBDE}.Debug|Any CPU.ActiveCfg = Debug|Any CPU
		{FC8D0310-4C8F-4667-A90B-2A54F2BDDBDE}.Debug|Any CPU.Build.0 = Debug|Any CPU
		{FC8D0310-4C8F-4667-A90B-2A54F2BDDBDE}.Release|Any CPU.ActiveCfg = Release|Any CPU
		{FC8D0310-4C8F-4667-A90B-2A54F2BDDBDE}.Release|Any CPU.Build.0 = Release|Any CPU
	EndGlobalSection
	GlobalSection(SolutionProperties) = preSolution
		HideSolutionNode = FALSE
	EndGlobalSection
EndGlobal
